
Microsoft Visual Studio Solution File, Format Version 12.00
# Visual Studio Version 17
VisualStudioVersion = 17.1.32328.378
MinimumVisualStudioVersion = 10.0.40219.1
Project("{FAE04EC0-301F-11D3-BF4B-00C04F79EFBC}") = "Ex04.Menus.Delegates", "Ex04.Menus.Delegates\Ex04.Menus.Delegates.csproj", "{919FFFBB-BD0C-4F7C-9D9D-4F2A5B17A9FD}"
EndProject
Project("{FAE04EC0-301F-11D3-BF4B-00C04F79EFBC}") = "Ex04.Menus.Interfaces", "Ex04.Menus.Interfaces\Ex04.Menus.Interfaces.csproj", "{00060E15-D80C-41E6-AF3C-5895533092F5}"
EndProject
Project("{FAE04EC0-301F-11D3-BF4B-00C04F79EFBC}") = "Ex04.Menus.Test", "Ex04.Menus.Test\Ex04.Menus.Test.csproj", "{C93B5BF2-DBF5-4597-9C57-34780007C3CB}"
EndProject
Global
	GlobalSection(SolutionConfigurationPlatforms) = preSolution
		Debug|Any CPU = Debug|Any CPU
		Release|Any CPU = Release|Any CPU
	EndGlobalSection
	GlobalSection(ProjectConfigurationPlatforms) = postSolution
		{919FFFBB-BD0C-4F7C-9D9D-4F2A5B17A9FD}.Debug|Any CPU.ActiveCfg = Debug|Any CPU
		{919FFFBB-BD0C-4F7C-9D9D-4F2A5B17A9FD}.Debug|Any CPU.Build.0 = Debug|Any CPU
		{919FFFBB-BD0C-4F7C-9D9D-4F2A5B17A9FD}.Release|Any CPU.ActiveCfg = Release|Any CPU
		{919FFFBB-BD0C-4F7C-9D9D-4F2A5B17A9FD}.Release|Any CPU.Build.0 = Release|Any CPU
		{00060E15-D80C-41E6-AF3C-5895533092F5}.Debug|Any CPU.ActiveCfg = Debug|Any CPU
		{00060E15-D80C-41E6-AF3C-5895533092F5}.Debug|Any CPU.Build.0 = Debug|Any CPU
		{00060E15-D80C-41E6-AF3C-5895533092F5}.Release|Any CPU.ActiveCfg = Release|Any CPU
		{00060E15-D80C-41E6-AF3C-5895533092F5}.Release|Any CPU.Build.0 = Release|Any CPU
		{C93B5BF2-DBF5-4597-9C57-34780007C3CB}.Debug|Any CPU.ActiveCfg = Debug|Any CPU
		{C93B5BF2-DBF5-4597-9C57-34780007C3CB}.Debug|Any CPU.Build.0 = Debug|Any CPU
		{C93B5BF2-DBF5-4597-9C57-34780007C3CB}.Release|Any CPU.ActiveCfg = Release|Any CPU
		{C93B5BF2-DBF5-4597-9C57-34780007C3CB}.Release|Any CPU.Build.0 = Release|Any CPU
	EndGlobalSection
	GlobalSection(SolutionProperties) = preSolution
		HideSolutionNode = FALSE
	EndGlobalSection
	GlobalSection(ExtensibilityGlobals) = postSolution
		SolutionGuid = {7A89CD12-EF67-4AA3-9AAF-E98DFC49B511}
	EndGlobalSection
EndGlobal
